{
  "renv": {
    "Version": "0.7.0-49"
  },
  "R": {
    "Version": "3.6.1",
    "Repositories": [
      {
        "Name": "CRAN",
        "URL": "https://cran.rstudio.com/"
      }
    ]
  },
  "Bioconductor": {
    "Repositories": [
      {
        "Name": "BioCsoft",
        "URL": "https://bioconductor.org/packages/3.9/bioc"
      },
      {
        "Name": "BioCann",
        "URL": "https://bioconductor.org/packages/3.9/data/annotation"
      },
      {
        "Name": "BioCexp",
        "URL": "https://bioconductor.org/packages/3.9/data/experiment"
      },
      {
        "Name": "BioCworkflows",
        "URL": "https://bioconductor.org/packages/3.9/workflows"
      },
      {
        "Name": "CRAN",
        "URL": "https://cran.rstudio.com/"
      }
    ]
  },
  "Packages": {
    "AnnotationDbi": {
      "Package": "AnnotationDbi",
      "Version": "1.46.0",
      "Source": "Bioconductor",
      "Hash": "2026fa84e356077482413fb5146b3e65"
    },
    "BBmisc": {
      "Package": "BBmisc",
      "Version": "1.11",
      "Source": "Repository",
      "Repository": "CRAN",
      "Hash": "34b4d5e7771f029012a2d1ffe496be84"
    },
    "BH": {
      "Package": "BH",
      "Version": "1.69.0-1",
      "Source": "Repository",
      "Repository": "CRAN",
      "Hash": "0fde015f5153e51df44981da0767f522"
    },
    "BSgenome": {
      "Package": "BSgenome",
      "Version": "1.52.0",
      "Source": "Bioconductor",
      "Hash": "fb2ec7afd17c44a77a03950af9d632cb"
    },
    "Biobase": {
      "Package": "Biobase",
      "Version": "2.44.0",
      "Source": "Bioconductor",
      "Hash": "4d603778097e0917bcd309eff2f314f9"
    },
    "BiocGenerics": {
      "Package": "BiocGenerics",
      "Version": "0.30.0",
      "Source": "Bioconductor",
      "Hash": "0e4a1c136ce54159dbc4743379861d92"
    },
    "BiocManager": {
      "Package": "BiocManager",
      "Version": "1.30.4",
      "Source": "Repository",
      "Repository": "CRAN",
      "Hash": "0c1bdd16365abbcb1751ee93616f8063"
    },
    "BiocParallel": {
      "Package": "BiocParallel",
      "Version": "1.18.0",
      "Source": "Bioconductor",
      "Hash": "0da1abf6ff1682088b24c0a53cb4ef93"
    },
    "Biostrings": {
      "Package": "Biostrings",
      "Version": "2.52.0",
      "Source": "Bioconductor",
      "Hash": "c2ac14c25233e6cd782f276bfe8b6635"
    },
    "DBI": {
      "Package": "DBI",
      "Version": "1.0.0",
      "Source": "Repository",
      "Repository": "CRAN",
      "Hash": "2b2b6ea2111e1e57e192765d5013a3c5"
    },
    "DT": {
      "Package": "DT",
      "Version": "0.7.2",
      "Source": "GitHub",
      "RemoteType": "github",
      "RemoteHost": "api.github.com",
      "RemoteRepo": "DT",
      "RemoteUsername": "rstudio",
      "RemoteRef": "master",
      "RemoteSha": "e8fe21fb0839fcf3fb476def1329239137d6672c",
      "Hash": "353756e77797841337dbeac36b5c0ca3"
    },
    "DelayedArray": {
      "Package": "DelayedArray",
      "Version": "0.10.0",
      "Source": "Bioconductor",
      "Hash": "e2004b1a436de49d8cec7cded2c45a52"
    },
    "EigenH5": {
      "Package": "EigenH5",
      "Version": "1.2",
      "Source": "Bioconductor",
      "Hash": "7c811923a2975a27da8dceb0951ce658"
    },
    "GGally": {
      "Package": "GGally",
      "Version": "1.4.0",
      "Source": "Repository",
      "Repository": "CRAN",
      "Hash": "644ffffe612e5d17f13e64215c679d3d"
    },
    "GenomeInfoDb": {
      "Package": "GenomeInfoDb",
      "Version": "1.20.0",
      "Source": "Bioconductor",
      "Hash": "c87b874a607724e996b064ee56715b55"
    },
    "GenomeInfoDbData": {
      "Package": "GenomeInfoDbData",
      "Version": "1.2.1",
      "Source": "Bioconductor",
      "Hash": "99d7c713370c539b5d86bc41a344af1f"
    },
    "GenomicAlignments": {
      "Package": "GenomicAlignments",
      "Version": "1.20.0",
      "Source": "Bioconductor",
      "Hash": "1b537059dca8a2f034c4ece7fda12da7"
    },
    "GenomicFeatures": {
      "Package": "GenomicFeatures",
      "Version": "1.36.3",
      "Source": "Bioconductor",
      "Hash": "05573ca9b2663da643b05a5166183091"
    },
    "GenomicRanges": {
      "Package": "GenomicRanges",
      "Version": "1.36.0",
      "Source": "Bioconductor",
      "Hash": "565aa0e90e4304cf927bad7ebffbda09"
    },
    "IRanges": {
      "Package": "IRanges",
      "Version": "2.18.1",
      "Source": "Bioconductor",
      "Hash": "5858406c280f418e7302faedba2e6718"
    },
    "MASS": {
      "Package": "MASS",
      "Version": "7.3-51.4",
      "Source": "Repository",
      "Repository": "CRAN",
      "Hash": "a489ad42493fa9bfac8f3e3a3bc7d4ca"
    },
    "Matrix": {
      "Package": "Matrix",
      "Version": "1.2-17",
      "Source": "Repository",
      "Repository": "CRAN",
      "Hash": "a60009c832f495604f54399f21d89cc8"
    },
    "MonetDBLite": {
      "Package": "MonetDBLite",
      "Version": "0.6.1",
      "Source": "GitHub",
      "RemoteType": "github",
      "RemoteHost": "api.github.com",
      "RemoteRepo": "MonetDBLite-R",
      "RemoteUsername": "hannesmuehleisen",
      "RemoteRef": "master",
      "RemoteSha": "1fbcfb82c91c1e29feec6fbad274355c6c7c6fbe",
      "Hash": "22d759c8dc6e0565b55bbd3d12734b87"
    },
    "QCGWAS": {
      "Package": "QCGWAS",
      "Version": "1.0-8",
      "Source": "Repository",
      "Repository": "CRAN",
      "Hash": "e232798153007a4faed667c387a35626"
    },
    "R6": {
      "Package": "R6",
      "Version": "2.4.0",
      "Source": "Repository",
      "Repository": "CRAN",
      "Hash": "92b50d943a7c76c67918c1e1beb68627"
    },
    "RColorBrewer": {
      "Package": "RColorBrewer",
      "Version": "1.1-2",
      "Source": "Repository",
      "Repository": "CRAN",
      "Hash": "f8a3bcc800d613797f1dfdf8ef4f0bfc"
    },
    "RCurl": {
      "Package": "RCurl",
      "Version": "1.95-4.12",
      "Source": "Repository",
      "Repository": "CRAN",
      "Hash": "da83dfabbb92098a20dada46869921a3"
    },
    "RSQLite": {
      "Package": "RSQLite",
      "Version": "2.1.1",
      "Source": "Repository",
      "Repository": "CRAN",
      "Hash": "1551291db703e1e2e612a53d6ea88803"
    },
    "RSSp": {
      "Package": "RSSp",
      "Version": "0.9.0.9000",
      "Source": "Github",
      "Remotes": "github::crerecombinase/rssp",
      "Hash": "226794fd04bb3813f5a40613f6f0cab2"
    },
    "RSpectra": {
      "Package": "RSpectra",
      "Version": "0.15-0",
      "Source": "Repository",
      "Repository": "CRAN",
      "Hash": "533ee20953ff352e7df8fbef1ba5ff87"
    },
    "Rcpp": {
      "Package": "Rcpp",
      "Version": "1.0.2",
      "Source": "Repository",
      "Repository": "CRAN",
      "Hash": "c25fa7d5684fa7001ddfea3755243975"
    },
    "RcppArmadillo": {
      "Package": "RcppArmadillo",
      "Version": "0.9.600.4.0",
      "Source": "Repository",
      "Repository": "CRAN",
      "Hash": "57ecd65f250da202aa6c618074bcdb30"
    },
    "RcppEigen": {
      "Package": "RcppEigen",
      "Version": "0.3.3.5.0",
      "Source": "Repository",
      "Repository": "CRAN",
      "Hash": "b86bf100354fb8fe4a20b5689e40c7b3"
    },
    "RcppGSL": {
      "Package": "RcppGSL",
      "Version": "0.3.6",
      "Source": "Repository",
      "Repository": "CRAN",
      "Hash": "316d3568394097aee0ddba1d8fce89d5"
    },
    "RcppParallel": {
      "Package": "RcppParallel",
      "Version": "4.4.3",
      "Source": "Repository",
      "Repository": "CRAN",
      "Hash": "2016db95de9bb151eae2d70fa1b05dc1"
    },
    "RcppProgress": {
      "Package": "RcppProgress",
      "Version": "0.4.1",
      "Source": "Repository",
      "Repository": "CRAN",
      "Hash": "63f3e2a33fdfafb217d75d5a071447ea"
    },
    "Rhtslib": {
      "Package": "Rhtslib",
      "Version": "1.16.1",
      "Source": "Bioconductor",
      "Hash": "35d479d41b9b8f0cb91d4e084533cda2"
    },
    "Rsamtools": {
      "Package": "Rsamtools",
      "Version": "2.0.0",
      "Source": "Bioconductor",
      "Hash": "a54590605ef46232aa62a012c7f2766f"
    },
    "S4Vectors": {
      "Package": "S4Vectors",
      "Version": "0.22.0",
      "Source": "Bioconductor",
      "Hash": "18910eaea6470df5c8ffc55817e7ed57"
    },
    "StanHeaders": {
      "Package": "StanHeaders",
      "Version": "2.18.1",
      "Source": "Repository",
      "Repository": "CRAN",
      "Hash": "14059807a03c4673aae4ae8bcffa59cd"
    },
    "SummarizedExperiment": {
      "Package": "SummarizedExperiment",
      "Version": "1.14.0",
      "Source": "Bioconductor",
      "Hash": "114d75d9f1b764e19a3046306d322221"
    },
    "VariantAnnotation": {
      "Package": "VariantAnnotation",
      "Version": "1.30.1",
      "Source": "Bioconductor",
      "Hash": "b1a42303f1eebdae87154fbd8730b4d4"
    },
    "XML": {
      "Package": "XML",
      "Version": "3.98-1.20",
      "Source": "Repository",
      "Repository": "CRAN",
      "Hash": "870a12f824e6d7729de5cf55927ae1d0"
    },
    "XVector": {
      "Package": "XVector",
      "Version": "0.24.0",
      "Source": "Bioconductor",
      "Hash": "9284faf825d0d98328f4dde7f54857b0"
    },
    "archive": {
      "Package": "archive",
      "Version": "1.0.0",
      "Source": "Github",
      "Remotes": "jimhester/archive",
      "Hash": "7b701e10830e8f7b41a6ebdd4bb83bfb"
    },
    "askpass": {
      "Package": "askpass",
      "Version": "1.1",
      "Source": "Repository",
      "Repository": "CRAN",
      "Hash": "46678e19f261db289be40292d8e5d5bf"
    },
    "assertthat": {
      "Package": "assertthat",
      "Version": "0.2.1",
      "Source": "Repository",
      "Repository": "CRAN",
      "Hash": "19fb3d0ad048b4eb1a05cacffbae1f66"
    },
    "backports": {
      "Package": "backports",
      "Version": "1.1.4",
      "Source": "Repository",
      "Repository": "CRAN",
      "Hash": "2a78bf0825e0088e117520553ceb7fa5"
    },
    "base64enc": {
      "Package": "base64enc",
      "Version": "0.1-3",
      "Source": "Repository",
      "Repository": "CRAN",
      "Hash": "d355963b4b1c3039bfe8d65611a11cca"
    },
    "base64url": {
      "Package": "base64url",
      "Version": "1.4",
      "Source": "Repository",
      "Repository": "CRAN",
      "Hash": "205ca9cc59dc1fff1a7ba55fee9dad57"
    },
    "bigreadr": {
      "Package": "bigreadr",
      "Version": "0.1.6",
      "Source": "Repository",
      "Repository": "CRAN",
      "Hash": "dba3ed511adcc7c35225c47d2fab7748"
    },
    "bigsnpr": {
      "Package": "bigsnpr",
      "Version": "0.11.5",
      "Source": "GitHub",
      "Remotes": "privefl/bigstatsr",
      "RemoteType": "github",
      "RemoteHost": "api.github.com",
      "RemoteRepo": "bigsnpr",
      "RemoteUsername": "privefl",
      "RemoteRef": "master",
      "RemoteSha": "e95755833b7bb8a04f69c731612bd03ceebbaef6",
      "Hash": "5ef6eaea17117144d9f0ae291a5dd885"
    },
    "bigstatsr": {
      "Package": "bigstatsr",
      "Version": "0.9.9",
      "Source": "GitHub",
      "RemoteType": "github",
      "RemoteHost": "api.github.com",
      "RemoteRepo": "bigstatsr",
      "RemoteUsername": "privefl",
      "RemoteRef": "master",
      "RemoteSha": "8bb30057a513a456649bb217ba3e4f65e755a9df",
      "Hash": "2f7176a528656e291a89a48fde99211b"
    },
    "biomaRt": {
      "Package": "biomaRt",
      "Version": "2.40.1",
      "Source": "Bioconductor",
      "Hash": "535c7decf4725436d9a5078a19e36547"
    },
    "bit": {
      "Package": "bit",
      "Version": "1.1-14",
      "Source": "Repository",
      "Repository": "CRAN",
      "Hash": "915a13dd2f8633d92971640ed1498e5b"
    },
    "bit64": {
      "Package": "bit64",
      "Version": "0.9-7",
      "Source": "Repository",
      "Repository": "CRAN",
      "Hash": "805d4ae996fa46f4f8436500959d669b"
    },
    "bitops": {
      "Package": "bitops",
      "Version": "1.0-6",
      "Source": "Repository",
      "Repository": "CRAN",
      "Hash": "62408262624d9f8e436f51ca901424e2"
    },
    "blob": {
      "Package": "blob",
      "Version": "1.1.1",
      "Source": "Repository",
      "Repository": "CRAN",
      "Hash": "9d60568146fc9c3351d8b2f8db53e677"
    },
    "brew": {
      "Package": "brew",
      "Version": "1.0-6",
      "Source": "Repository",
      "Repository": "CRAN",
      "Hash": "190fd31e9253446523a8ee4642229516"
    },
    "broom": {
      "Package": "broom",
      "Version": "0.5.2",
      "Source": "Repository",
      "Repository": "CRAN",
      "Hash": "a6cfb50e5172a20815db00739aab4e78"
    },
    "callr": {
      "Package": "callr",
      "Version": "3.3.1",
      "Source": "Repository",
      "Repository": "CRAN",
      "Hash": "b9788f81c78e3187d199c4057872fe06"
    },
    "cellranger": {
      "Package": "cellranger",
      "Version": "1.1.0",
      "Source": "Repository",
      "Repository": "CRAN",
      "Hash": "2cd2a065192f3ba08a919d8800dba7e0"
    },
    "checkmate": {
      "Package": "checkmate",
      "Version": "1.9.4",
      "Source": "Repository",
      "Repository": "CRAN",
      "Hash": "51788d50ba2a6ac3bf71efadaf1f76d9"
    },
    "cli": {
      "Package": "cli",
      "Version": "1.1.0",
      "Source": "Repository",
      "Repository": "CRAN",
      "Hash": "9b3dc7798f53ba3050b41ce4a3febdc5"
    },
    "clipr": {
      "Package": "clipr",
      "Version": "0.7.0",
      "Source": "Repository",
      "Repository": "CRAN",
      "Hash": "9a99b54d2baf9393d0a68b6ea9513ee6"
    },
    "clisymbols": {
      "Package": "clisymbols",
      "Version": "1.2.0",
      "Source": "Repository",
      "Repository": "CRAN",
      "Hash": "ce91c46caba29e30c44cfd87659bf8a4"
    },
    "clustermq": {
      "Package": "clustermq",
      "Version": "0.8.8",
      "Source": "GitHub",
      "RemoteType": "github",
      "RemoteHost": "api.github.com",
      "RemoteRepo": "clustermq",
      "RemoteUsername": "mschubert",
      "RemoteRef": "master",
      "RemoteSha": "b20d470c06d6abd6a5eb0de85b06b05a03e1f445",
      "Hash": "785fa9a9301ae6251522b15242fe3d21"
    },
    "codetools": {
      "Package": "codetools",
      "Version": "0.2-16",
      "Source": "Repository",
      "Repository": "CRAN",
      "Hash": "3bf2a0853d7faf7f865d0b877946e452"
    },
    "colorspace": {
      "Package": "colorspace",
      "Version": "1.4-1",
      "Source": "Repository",
      "Repository": "CRAN",
      "Hash": "c25d49739abb6ebf4b3d0c3565574226"
    },
    "commonmark": {
      "Package": "commonmark",
      "Version": "1.7",
      "Source": "Repository",
      "Repository": "CRAN",
      "Hash": "af7f698e0328e0474f794452177deca6"
    },
    "cowplot": {
      "Package": "cowplot",
      "Version": "1.0.0",
      "Source": "Repository",
      "Repository": "CRAN",
      "Hash": "bae8bf4011199676a147077514a8a5c8"
    },
    "crayon": {
      "Package": "crayon",
      "Version": "1.3.4",
      "Source": "Repository",
      "Repository": "CRAN",
      "Hash": "d308ead32010b8e4d76c4690427da50b"
    },
    "crosstalk": {
      "Package": "crosstalk",
      "Version": "1.0.0",
      "Source": "Repository",
      "Repository": "CRAN",
      "Hash": "2bc962d85f29df259cc1a6930727ce87"
    },
    "crul": {
      "Package": "crul",
      "Version": "0.8.0",
      "Source": "Repository",
      "Repository": "CRAN",
      "Hash": "4d6743873b3ab22a035d31e783beb4cd"
    },
    "curl": {
      "Package": "curl",
      "Version": "4.0",
      "Source": "Repository",
      "Repository": "CRAN",
      "Hash": "7dc1d02a04a75510424d2c7404fadfa7"
    },
    "daprcpp": {
      "Package": "daprcpp",
      "Version": "1.0.0.9000",
      "Source": "Github",
      "RemoteType": "github",
      "RemoteHost": "api.github.com",
      "RemoteRepo": "daprr",
      "RemoteUsername": "CreRecombinase",
      "RemoteRef": "no_lib",
      "Hash": "18dee6f19a085a3f308654b89ba4f26e"
    },
    "data.table": {
      "Package": "data.table",
      "Version": "1.12.2",
      "Source": "Repository",
      "Repository": "CRAN",
      "Hash": "f2f76b5c5394350c4d4ee77dab51d35c"
    },
    "dbplyr": {
      "Package": "dbplyr",
      "Version": "1.4.2",
      "Source": "Repository",
      "Repository": "CRAN",
      "Hash": "aa3740879c38e6c11a93bd981521035a"
    },
    "desc": {
      "Package": "desc",
      "Version": "1.2.0",
      "Source": "Repository",
      "Repository": "CRAN",
      "Hash": "0119aa659b9c1db195b4bd7c617d18c0"
    },
    "devtools": {
      "Package": "devtools",
      "Version": "2.1.0.9000",
      "Source": "GitHub",
      "RemoteType": "github",
      "RemoteHost": "api.github.com",
      "RemoteRepo": "devtools",
      "RemoteUsername": "r-lib",
      "RemoteRef": "master",
      "RemoteSha": "f0a72c824ed8d39e7167ce9eae236067f042ccd1",
      "Hash": "9b052096046527205fc218879494f5ed"
    },
    "digest": {
      "Package": "digest",
      "Version": "0.6.20",
      "Source": "Repository",
      "Repository": "CRAN",
      "Hash": "e90f6670040b5aec92425051fc13ac1c"
    },
    "doParallel": {
      "Package": "doParallel",
      "Version": "1.0.14",
      "Source": "Repository",
      "Repository": "CRAN",
      "Hash": "d5defaaf8f4156720e03b1a2c050261a"
    },
    "dplyr": {
      "Package": "dplyr",
      "Version": "0.8.3",
      "Source": "Repository",
      "Repository": "CRAN",
      "Hash": "17783831e1e918ab250dcae5dd9c6e03"
    },
    "drake": {
      "Package": "drake",
      "Version": "7.6.1.9000",
      "Source": "GitHub",
      "RemoteType": "github",
      "RemoteHost": "api.github.com",
      "RemoteRepo": "drake",
      "RemoteUsername": "ropensci",
      "RemoteRef": "master",
      "RemoteSha": "a6f7fa7a00af97dc872ab20154cfd5659a9f81f4",
      "Hash": "0ed2027d92cb03e1afbac517bc0da7a7"
    },
    "dscrutils": {
      "Package": "dscrutils",
      "Version": "0.3.9",
      "Source": "GitHub",
      "RemoteType": "github",
      "RemoteHost": "api.github.com",
      "RemoteRepo": "dsc",
      "RemoteUsername": "stephenslab",
      "RemoteRef": "master",
      "RemoteSha": "09a3d04e5cf7d83d1b460248bd92fb65d42fd03f",
      "RemoteSubdir": "dscrutils",
      "Hash": "c824c2a2dbcec81dd1b07dc4d43f5c8a"
    },
    "ellipsis": {
      "Package": "ellipsis",
      "Version": "0.2.0.9000",
      "Source": "GitHub",
      "RemoteType": "github",
      "RemoteHost": "api.github.com",
      "RemoteRepo": "ellipsis",
      "RemoteUsername": "r-lib",
      "RemoteRef": "master",
      "RemoteSha": "27e08468e3c01dd195eef0f6f5b6eb71c65685c5",
      "Hash": "f6699d3952fe638d69fa7bee86c97e23"
    },
    "evaluate": {
      "Package": "evaluate",
      "Version": "0.14",
      "Source": "Repository",
      "Repository": "CRAN",
      "Hash": "5a6c1949963e0785dbcbb0556337d61e"
    },
    "expm": {
      "Package": "expm",
      "Version": "0.999-4",
      "Source": "Repository",
      "Repository": "CRAN",
      "Hash": "ee93e0e493c2812ab76202826eeb13c0"
    },
    "fansi": {
      "Package": "fansi",
      "Version": "0.4.0",
      "Source": "Repository",
      "Repository": "CRAN",
      "Hash": "cd87b0162287f0da225edfaa2fd3a20c"
    },
    "filelock": {
      "Package": "filelock",
      "Version": "1.0.2",
      "Source": "Repository",
      "Repository": "CRAN",
      "Hash": "784db550445dfa0f28cacd1e07fed4c8"
    },
    "forcats": {
      "Package": "forcats",
      "Version": "0.4.0",
      "Source": "Repository",
      "Repository": "CRAN",
      "Hash": "4d7e4a2ed5adadda6714eb7b9361213b"
    },
    "foreach": {
      "Package": "foreach",
      "Version": "1.4.4",
      "Source": "Repository",
      "Repository": "CRAN",
      "Hash": "184227ddd1a35522bf38653b07db22dd"
    },
    "formatR": {
      "Package": "formatR",
      "Version": "1.7",
      "Source": "Repository",
      "Repository": "CRAN",
      "Hash": "354c9ec18f1af190edb192828a09d071"
    },
    "fpeek": {
      "Package": "fpeek",
      "Version": "0.1.1",
      "Source": "Repository",
      "Repository": "CRAN",
      "Hash": "fac703e78f765a60b863dde097a77311"
    },
    "fs": {
      "Package": "fs",
      "Version": "1.3.1",
      "Source": "Repository",
      "Repository": "CRAN",
      "Hash": "dba7e43c4103d978cb7c95b97987cc68"
    },
    "futile.logger": {
      "Package": "futile.logger",
      "Version": "1.4.3",
      "Source": "Repository",
      "Repository": "CRAN",
      "Hash": "144bee5331e1d299f74488fa67720383"
    },
    "futile.options": {
      "Package": "futile.options",
      "Version": "1.0.1",
      "Source": "Repository",
      "Repository": "CRAN",
      "Hash": "316bc8cef56892b0b39ac29579bd878c"
    },
    "generics": {
      "Package": "generics",
      "Version": "0.0.2",
      "Source": "Repository",
      "Repository": "CRAN",
      "Hash": "4e8e453aff36dd8ddac10ff157083e4f"
    },
    "ggnomics": {
      "Package": "ggnomics",
      "Version": "0.1.0",
      "Source": "Github",
      "Remotes": "teunbrand/ggnomics",
      "Hash": "25c3692c83b7bbf56ec8702369187352"
    },
    "ggplot2": {
      "Package": "ggplot2",
      "Version": "3.2.0.9000",
      "Source": "GitHub",
      "RemoteType": "github",
      "RemoteHost": "api.github.com",
      "RemoteRepo": "ggplot2",
      "RemoteUsername": "tidyverse",
      "RemoteRef": "master",
      "RemoteSha": "141c77537ea4f54a7949ed8f23fd02c50172960e",
      "Hash": "ee88b5c274db9bdbef586ff041e198e8"
    },
    "ggrepel": {
      "Package": "ggrepel",
      "Version": "0.8.0.9000",
      "Source": "GitHub",
      "Remotes": "github::tidyverse/ggplot2",
      "RemoteType": "github",
      "RemoteHost": "api.github.com",
      "RemoteRepo": "ggrepel",
      "RemoteUsername": "slowkow",
      "RemoteRef": "master",
      "RemoteSha": "306c07447684eb6e5b14d79018b06cfeb325c1ae",
      "Hash": "e64259f85c6c778980cee623dc98886f"
    },
    "ggridges": {
      "Package": "ggridges",
      "Version": "0.5.1",
      "Source": "Repository",
      "Repository": "CRAN",
      "Hash": "b464e7b51e82292003ad0691a79f1ef8"
    },
    "gh": {
      "Package": "gh",
      "Version": "1.0.1",
      "Source": "Repository",
      "Repository": "CRAN",
      "Hash": "3fc5d4d6893bd1598318a35def5e9d23"
    },
    "git2r": {
      "Package": "git2r",
      "Version": "0.26.1",
      "Source": "Repository",
      "Repository": "CRAN",
      "Hash": "22ea14e8f582d4a83a273f24ac43e27e"
    },
    "glmnet": {
      "Package": "glmnet",
      "Version": "2.0-16",
      "Source": "Repository",
      "Repository": "CRAN",
      "Hash": "4e2bccd934b8df0e5b92f4810514ec18"
    },
    "glue": {
      "Package": "glue",
      "Version": "1.3.1",
      "Source": "Repository",
      "Repository": "CRAN",
      "Hash": "e8436e647719b7c9d01409767cd88cc8"
    },
    "gridExtra": {
      "Package": "gridExtra",
      "Version": "2.3",
      "Source": "Repository",
      "Repository": "CRAN",
      "Hash": "4626f6a59a3b1095e7bdc7bd02a3107f"
    },
    "gsubfn": {
      "Package": "gsubfn",
      "Version": "0.7",
      "Source": "Repository",
      "Repository": "CRAN",
      "Hash": "7062d6e968b8a2d73d01b4918925e368"
    },
    "gtable": {
      "Package": "gtable",
      "Version": "0.3.0",
      "Source": "Repository",
      "Repository": "CRAN",
      "Hash": "6a58b2980a57345822ec5f9c7d2d1751"
    },
    "haven": {
      "Package": "haven",
      "Version": "2.1.0",
      "Source": "Repository",
      "Repository": "CRAN",
      "Hash": "31d8409661441373cefa83f4edcc47d9"
    },
    "here": {
      "Package": "here",
      "Version": "0.1",
      "Source": "Repository",
      "Repository": "CRAN",
      "Hash": "17102304d55b3242d6199cddc0fd79f7"
    },
    "hexbin": {
      "Package": "hexbin",
      "Version": "1.27.3",
      "Source": "Repository",
      "Repository": "CRAN",
      "Hash": "dd1a219a8e8212b1808640670893274e"
    },
    "highr": {
      "Package": "highr",
      "Version": "0.8",
      "Source": "Repository",
      "Repository": "CRAN",
      "Hash": "43e36bc8bca1d8256f86933659c46349"
    },
    "hms": {
      "Package": "hms",
      "Version": "0.5.0",
      "Source": "Repository",
      "Repository": "CRAN",
      "Hash": "092e5b11e8fb83b420b1a192ab095263"
    },
    "htmltools": {
      "Package": "htmltools",
      "Version": "0.3.6",
      "Source": "Repository",
      "Repository": "CRAN",
      "Hash": "5132526e7fb28a2c20d1ef443d5c4644"
    },
    "htmlwidgets": {
      "Package": "htmlwidgets",
      "Version": "1.3",
      "Source": "Repository",
      "Repository": "CRAN",
      "Hash": "8aa0ed21f14fc9645367e8bc305415f5"
    },
    "httpcode": {
      "Package": "httpcode",
      "Version": "0.2.0",
      "Source": "Repository",
      "Repository": "CRAN",
      "Hash": "086b284f4d07df81e553943c16b60724"
    },
    "httpuv": {
      "Package": "httpuv",
      "Version": "1.5.1",
      "Source": "Repository",
      "Repository": "CRAN",
      "Hash": "3e4206eb62d89401a2a990eba9b3ecac"
    },
    "httr": {
      "Package": "httr",
      "Version": "1.4.1",
      "Source": "Repository",
      "Repository": "CRAN",
      "Hash": "5dbd937df2ed15043fd4b49e1e217030"
    },
    "igraph": {
      "Package": "igraph",
      "Version": "1.2.4.1",
      "Source": "Repository",
      "Repository": "CRAN",
      "Hash": "6eb7a604bc33c66dac0611b7ce75ac69"
    },
    "ini": {
      "Package": "ini",
      "Version": "0.3.1",
      "Source": "Repository",
      "Repository": "CRAN",
      "Hash": "4a15d8cfc931554fb2e71d66c1313b45"
    },
    "iterators": {
      "Package": "iterators",
      "Version": "1.0.10",
      "Source": "Repository",
      "Repository": "CRAN",
      "Hash": "9f02395f9b81756ad69b8ecf20e3d9dd"
    },
    "jsonlite": {
      "Package": "jsonlite",
      "Version": "1.6",
      "Source": "Repository",
      "Repository": "CRAN",
      "Hash": "b7e67b6a7bc2fdae729c0f3ff9026a8a"
    },
    "knitr": {
      "Package": "knitr",
      "Version": "1.23",
      "Source": "Repository",
      "Repository": "CRAN",
      "Hash": "39893fe4cbbdca3fce7d9dbdef808cd1"
    },
    "labeling": {
      "Package": "labeling",
      "Version": "0.3",
      "Source": "Repository",
      "Repository": "CRAN",
      "Hash": "e1f613894f080d1eee41c34b281a2184"
    },
    "lambda.r": {
      "Package": "lambda.r",
      "Version": "1.2.3",
      "Source": "Repository",
      "Repository": "CRAN",
      "Hash": "2fd1c6684ff8c977375fdc67a005693b"
    },
    "later": {
      "Package": "later",
      "Version": "0.8.0",
      "Source": "Repository",
      "Repository": "CRAN",
      "Hash": "4d5b806a328e0da75f0f0d4653676552"
    },
    "lattice": {
      "Package": "lattice",
      "Version": "0.20-38",
      "Source": "Repository",
      "Repository": "CRAN",
      "Hash": "6f7aa123115b33bc9ad1ca800874b1de"
    },
    "lazyeval": {
      "Package": "lazyeval",
      "Version": "0.2.2",
      "Source": "Repository",
      "Repository": "CRAN",
      "Hash": "d2f5e98b8b7ae633e252830c3243c2ab"
    },
    "ldmap": {
      "Package": "ldmap",
      "Version": "0.0.0.9000",
      "Source": "Github",
      "Remotes": "github::crerecombinase/ldmap",           
      "Hash": "f9529383e4c51ca52d2dd193db335345"
    },
    "ldshrink": {
      "Package": "ldshrink",
      "Version": "1.0-1",
      "Source": "Github",
      "Remotes": "github::stephenslab/ldshrink",           
      "Hash": "ef31fd6978b0dede32b3b009c734517e"
    },
    "lifecycle": {
      "Package": "lifecycle",
      "Version": "0.1.0",
      "Source": "Repository",
      "Repository": "CRAN",
      "Hash": "670a552ae202a4f69e2e644f524dfffd"
    },
    "lubridate": {
      "Package": "lubridate",
      "Version": "1.7.4",
      "Source": "Repository",
      "Repository": "CRAN",
      "Hash": "d55fdb3732a8f047e49b86064dd78984"
    },
    "magrittr": {
      "Package": "magrittr",
      "Version": "1.5",
      "Source": "Repository",
      "Repository": "CRAN",
      "Hash": "dee1d97cffddfd3ed969e224bd0826d0"
    },
    "markdown": {
      "Package": "markdown",
      "Version": "1.0",
      "Source": "Repository",
      "Repository": "CRAN",
      "Hash": "4584a57f565dd7987d59dda3a02cfb41"
    },
    "matrixStats": {
      "Package": "matrixStats",
      "Version": "0.54.0",
      "Source": "Repository",
      "Repository": "CRAN",
      "Hash": "77ec3ece2b64d82fe2d7ef4c7f8db6db"
    },
    "memoise": {
      "Package": "memoise",
      "Version": "1.1.0",
      "Source": "Repository",
      "Repository": "CRAN",
      "Hash": "22ca9b285c10f5dd8c4d1e90231ce558"
    },
    "mgcv": {
      "Package": "mgcv",
      "Version": "1.8-28",
      "Source": "Repository",
      "Repository": "CRAN",
      "Hash": "6ac256e4fdcf33c11f9ed987927cc614"
    },
    "mime": {
      "Package": "mime",
      "Version": "0.7",
      "Source": "Repository",
      "Repository": "CRAN",
      "Hash": "908d95ccbfd1dd274073ef07a7c93934"
    },
    "modelr": {
      "Package": "modelr",
      "Version": "0.1.4",
      "Source": "Repository",
      "Repository": "CRAN",
      "Hash": "4e872a6c94b3fe47bb022010fd131d4b"
    },
    "modules": {
      "Package": "modules",
      "Version": "0.8.0",
      "Source": "Repository",
      "Repository": "CRAN",
      "Hash": "e7c081974c22f62dcf82fb0c6126c764"
    },
    "munsell": {
      "Package": "munsell",
      "Version": "0.5.0",
      "Source": "Repository",
      "Repository": "CRAN",
      "Hash": "9111af6c6dec65538ebd3de6c0bae864"
    },
    "mvtnorm": {
      "Package": "mvtnorm",
      "Version": "1.0-10",
      "Source": "Repository",
      "Repository": "CRAN",
      "Hash": "9b73e8926b6d4e9ea6cbcb3b15a1b4a5"
    },
    "narray": {
      "Package": "narray",
      "Version": "0.4.1",
      "Source": "Repository",
      "Repository": "CRAN",
      "Hash": "8963505968838ca571ff13823d7bb7b6"
    },
    "nlme": {
      "Package": "nlme",
      "Version": "3.1-140",
      "Source": "Repository",
      "Repository": "CRAN",
      "Hash": "ad3b02c6f154deac3584133e6e015cd3"
    },
    "openssl": {
      "Package": "openssl",
      "Version": "1.4.1",
      "Source": "Repository",
      "Repository": "CRAN",
      "Hash": "6c438de366d5693238d1c400deb66cb6"
    },
    "pillar": {
      "Package": "pillar",
      "Version": "1.4.2",
      "Source": "Repository",
      "Repository": "CRAN",
      "Hash": "57645ff795277554eee14df5bcee8025"
    },
    "pkgbuild": {
      "Package": "pkgbuild",
      "Version": "1.0.5",
      "Source": "Repository",
      "Repository": "CRAN",
      "Hash": "00ec4a14a879c7fda96b2228cff1c5cc"
    },
    "pkgconfig": {
      "Package": "pkgconfig",
      "Version": "2.0.2",
      "Source": "GitHub",
      "RemoteType": "github",
      "RemoteHost": "api.github.com",
      "RemoteRepo": "pkgconfig",
      "RemoteUsername": "gaborcsardi",
      "RemoteRef": "master",
      "RemoteSha": "361c7292c6f5990fe0a3852874f0dfe21dadb4a9",
      "Hash": "e56a94ee7495d3301b3aaa82cc67b117"
    },
    "pkgload": {
      "Package": "pkgload",
      "Version": "1.0.2",
      "Source": "Repository",
      "Repository": "CRAN",
      "Hash": "f214a72af3442fdd3396ceccbb7d7f44"
    },
    "plogr": {
      "Package": "plogr",
      "Version": "0.2.0",
      "Source": "Repository",
      "Repository": "CRAN",
      "Hash": "1a8304cc1382ef64e3b710ba589d7bc0"
    },
    "plotly": {
      "Package": "plotly",
      "Version": "4.9.0.9000",
      "Source": "GitHub",
      "RemoteType": "github",
      "RemoteHost": "api.github.com",
      "RemoteRepo": "plotly",
      "RemoteUsername": "ropensci",
      "RemoteRef": "master",
      "RemoteSha": "a689263996ae0938c2f18987877924178dba9cf6",
      "Hash": "d1417b71a1cb1aa149e420209e004b5b"
    },
    "plyr": {
      "Package": "plyr",
      "Version": "1.8.4",
      "Source": "Repository",
      "Repository": "CRAN",
      "Hash": "37dd0f3aadee2ac99e47168f4bffddb7"
    },
    "praise": {
      "Package": "praise",
      "Version": "1.0.0",
      "Source": "Repository",
      "Repository": "CRAN",
      "Hash": "3940f2f321d5fa9fb72b8887b0454660"
    },
    "prettyunits": {
      "Package": "prettyunits",
      "Version": "1.0.2",
      "Source": "Repository",
      "Repository": "CRAN",
      "Hash": "33ce93b23647e85c127f8e1bb08604fc"
    },
    "processx": {
      "Package": "processx",
      "Version": "3.4.1",
      "Source": "Repository",
      "Repository": "CRAN",
      "Hash": "fec9b1a798e49d0609702929706a1dfc"
    },
    "progress": {
      "Package": "progress",
      "Version": "1.2.2",
      "Source": "Repository",
      "Repository": "CRAN",
      "Hash": "e8c47e04650b07d40c3c50a878a4dffa"
    },
    "promises": {
      "Package": "promises",
      "Version": "1.0.1",
      "Source": "Repository",
      "Repository": "CRAN",
      "Hash": "f80d162b7cef7e36a0134d1f1084e36d"
    },
    "proto": {
      "Package": "proto",
      "Version": "1.0.0",
      "Source": "Repository",
      "Repository": "CRAN",
      "Hash": "8e8bcf9327559eb60103378f9d0d19ca"
    },
    "ps": {
      "Package": "ps",
      "Version": "1.3.0",
      "Source": "Repository",
      "Repository": "CRAN",
      "Hash": "a38f3fd447d1595a3da538910054b911"
    },
    "purrr": {
      "Package": "purrr",
      "Version": "0.3.2",
      "Source": "Repository",
      "Repository": "CRAN",
      "Hash": "c360ab7eabd6e38a83f2475eb97c6344"
    },
    "rcmdcheck": {
      "Package": "rcmdcheck",
      "Version": "1.3.3",
      "Source": "Repository",
      "Repository": "CRAN",
      "Hash": "577b91be8aea851ea27aad3585adef05"
    },
    "readr": {
      "Package": "readr",
      "Version": "1.3.1",
      "Source": "Repository",
      "Repository": "CRAN",
      "Hash": "60167b7ec3de99e76ff406aaf0f83bb4"
    },
    "readxl": {
      "Package": "readxl",
      "Version": "1.3.1",
      "Source": "Repository",
      "Repository": "CRAN",
      "Hash": "8a8b4695e87c90cc9423eb8994e76819"
    },
    "rematch": {
      "Package": "rematch",
      "Version": "1.0.1",
      "Source": "Repository",
      "Repository": "CRAN",
      "Hash": "d3d55a556f7f2e74f449d6a53b8abf8e"
    },
    "remotes": {
      "Package": "remotes",
      "Version": "2.1.0",
      "Source": "Repository",
      "Repository": "CRAN",
      "Hash": "830aa73278dce9beba583bfe57a5c015"
    },
    "reprex": {
      "Package": "reprex",
      "Version": "0.3.0",
      "Source": "Repository",
      "Repository": "CRAN",
      "Hash": "e5c16307a512cdaea9adddacde0671af"
    },
    "reshape": {
      "Package": "reshape",
      "Version": "0.8.8",
      "Source": "Repository",
      "Repository": "CRAN",
      "Hash": "6d92a971c653c24317b6ad3a402f390c"
    },
    "reshape2": {
      "Package": "reshape2",
      "Version": "1.4.3",
      "Source": "Repository",
      "Repository": "CRAN",
      "Hash": "ac685130d1a25e3f6470960fd29c5693"
    },
    "rlang": {
      "Package": "rlang",
      "Version": "0.4.0.9002",
      "Source": "GitHub",
      "RemoteType": "github",
      "RemoteHost": "api.github.com",
      "RemoteRepo": "rlang",
      "RemoteUsername": "r-lib",
      "RemoteRef": "master",
      "RemoteSha": "cf0a8c972efb54bea1ed3bf21e0bb3aa2ce29027",
      "Hash": "01dcb32506069b0b07628a5d94319821"
    },
    "rmarkdown": {
      "Package": "rmarkdown",
      "Version": "1.13",
      "Source": "Repository",
      "Repository": "CRAN",
      "Hash": "d91e5ea62ea410cd5c04e1be6a7c273d"
    },
    "rmio": {
      "Package": "rmio",
      "Version": "0.1.2",
      "Source": "Repository",
      "Repository": "CRAN",
      "Hash": "7629499046ee63ba0c032e4d592c824d"
    },
    "roxygen2": {
      "Package": "roxygen2",
      "Version": "6.1.1",
      "Source": "Repository",
      "Repository": "CRAN",
      "Hash": "5c44ac973ec9b56efd7990e4b4464699"
    },
    "rprojroot": {
      "Package": "rprojroot",
      "Version": "1.3-2",
      "Source": "Repository",
      "Repository": "CRAN",
      "Hash": "5382761b8b318da6dd3fb0f6dae3c43a"
    },
    "rsnps": {
      "Package": "rsnps",
      "Version": "0.3.1.9113",
      "Source": "GitHub",
      "RemoteType": "github",
      "RemoteHost": "api.github.com",
      "RemoteRepo": "rsnps",
      "RemoteUsername": "ropensci",
      "RemoteRef": "master",
      "RemoteSha": "a24fe49f28db6ee098ec15f1965fdbada1403ade",
      "Hash": "80cd12974a430c8f3391ca65a04b2362"
    },
    "rstudioapi": {
      "Package": "rstudioapi",
      "Version": "0.10",
      "Source": "Repository",
      "Repository": "CRAN",
      "Hash": "04552808fd065fdf0fec7bad340eb83c"
    },
    "rtracklayer": {
      "Package": "rtracklayer",
      "Version": "1.44.0",
      "Source": "Bioconductor",
      "Hash": "7890bb47636158c14afe2d73c93a6b6a"
    },
    "rvest": {
      "Package": "rvest",
      "Version": "0.3.4",
      "Source": "Repository",
      "Repository": "CRAN",
      "Hash": "76bb112bc3833454dc701230aa9cb3ed"
    },
    "rzmq": {
      "Package": "rzmq",
      "Version": "0.9.6",
      "Source": "Repository",
      "Repository": "CRAN",
      "Hash": "0d62e0c74e40f06f3005f5f718d30383"
    },
    "scales": {
      "Package": "scales",
      "Version": "1.0.0",
      "Source": "Repository",
      "Repository": "CRAN",
      "Hash": "a96e9571cd875b7b934990d85b7a3c18"
    },
    "selectr": {
      "Package": "selectr",
      "Version": "0.4-1",
      "Source": "Repository",
      "Repository": "CRAN",
      "Hash": "40ccee5dc2b97e197648525aefcfd0ba"
    },
    "sessioninfo": {
      "Package": "sessioninfo",
      "Version": "1.1.1",
      "Source": "Repository",
      "Repository": "CRAN",
      "Hash": "017efbc7877606b886a2fb3d01c0bbda"
    },
    "shiny": {
      "Package": "shiny",
      "Version": "1.3.2",
      "Source": "Repository",
      "Repository": "CRAN",
      "Hash": "3f96ad878877e005bcf6093c5c7efd9e"
    },
    "snow": {
      "Package": "snow",
      "Version": "0.4-3",
      "Source": "Repository",
      "Repository": "CRAN",
      "Hash": "7165293dfb527aae9a72e80d5f31ac81"
    },
    "sourcetools": {
      "Package": "sourcetools",
      "Version": "0.1.7",
      "Source": "Repository",
      "Repository": "CRAN",
      "Hash": "fc68fa34b8576eaa5a845a46ad75e214"
    },
    "storr": {
      "Package": "storr",
      "Version": "1.2.2",
      "Source": "GitHub",
      "RemoteType": "github",
      "RemoteHost": "api.github.com",
      "RemoteRepo": "storr",
      "RemoteUsername": "CreRecombinase",
      "RemoteRef": "master",
      "RemoteSha": "5c5475224b7311128e2fcee456280fa7b97499b8",
      "Hash": "55ca3185865eda8a5802e47e3db1aa5f"
    },
    "stringi": {
      "Package": "stringi",
      "Version": "1.4.3",
      "Source": "Repository",
      "Repository": "CRAN",
      "Hash": "113506f116db9dd5bd1caf46884e0647"
    },
    "stringr": {
      "Package": "stringr",
      "Version": "1.4.0",
      "Source": "Repository",
      "Repository": "CRAN",
      "Hash": "41d6310ad18bd019a203d7adc496a28b"
    },
    "susieR": {
      "Package": "susieR",
      "Version": "0.8.1.0525",
      "Source": "GitHub",
      "RemoteType": "github",
      "RemoteHost": "api.github.com",
      "RemoteRepo": "susieR",
      "RemoteUsername": "stephenslab",
      "RemoteRef": "master",
      "RemoteSha": "99a24d90794e26fa12b33c0a1d0b8346b5b15ea0",
      "Hash": "dffb26a394c9f0d44700acb789572a57"
    },
    "sys": {
      "Package": "sys",
      "Version": "3.3",
      "Source": "Repository",
      "Repository": "CRAN",
      "Hash": "9ecf6bee5958b8977bd1db3131978a71"
    },
    "testthat": {
      "Package": "testthat",
      "Version": "2.2.1",
      "Source": "Repository",
      "Repository": "CRAN",
      "Hash": "3e86adb988cb96c5b30b01ec56719ac4"
    },
    "tibble": {
      "Package": "tibble",
      "Version": "2.1.3",
      "Source": "Repository",
      "Repository": "CRAN",
      "Hash": "a8d41bd284e21ab7e776d228dc5bac91"
    },
    "tidyr": {
      "Package": "tidyr",
      "Version": "0.8.99.9000",
      "Source": "GitHub",
      "RemoteType": "github",
      "RemoteHost": "api.github.com",
      "RemoteRepo": "tidyr",
      "RemoteUsername": "tidyverse",
      "RemoteRef": "master",
      "RemoteSha": "2387476a7418cbb3635687561e188138bf288cd2",
      "Hash": "fb235c78f41c388b889d092e73fe0211"
    },
    "tidyselect": {
      "Package": "tidyselect",
      "Version": "0.2.5",
      "Source": "Repository",
      "Repository": "CRAN",
      "Hash": "dc3fcbc21f04b293e0794e24982cf357"
    },
    "tidyverse": {
      "Package": "tidyverse",
      "Version": "1.2.1",
      "Source": "Repository",
      "Repository": "CRAN",
      "Hash": "ec414bb606232eb2f242f4e49706a0da"
    },
    "tinytex": {
      "Package": "tinytex",
      "Version": "0.13",
      "Source": "Repository",
      "Repository": "CRAN",
      "Hash": "69f72c5d4e70f6f8876c2c098786ae86"
    },
    "triebeard": {
      "Package": "triebeard",
      "Version": "0.3.0",
      "Source": "Repository",
      "Repository": "CRAN",
      "Hash": "51b180ff55459cac3e8480bf843008ad"
    },
    "txtq": {
      "Package": "txtq",
      "Version": "0.1.5",
      "Source": "Repository",
      "Repository": "CRAN",
      "Hash": "dc333dae167fd4e587ba1cce180d7bdb"
    },
    "urltools": {
      "Package": "urltools",
      "Version": "1.7.3",
      "Source": "Repository",
      "Repository": "CRAN",
      "Hash": "f2615bf96d245f3bd4a28f2ec92be023"
    },
    "usethis": {
      "Package": "usethis",
      "Version": "1.5.1",
      "Source": "Repository",
      "Repository": "CRAN",
      "Hash": "d9554c06c56d30d6361b5b24b8c5b083"
    },
    "utf8": {
      "Package": "utf8",
      "Version": "1.1.4",
      "Source": "Repository",
      "Repository": "CRAN",
      "Hash": "3f1a5a5b184f63379f8e6c08d5036c53"
    },
    "vctrs": {
      "Package": "vctrs",
      "Version": "0.2.0.9001",
      "Source": "GitHub",
      "RemoteType": "github",
      "RemoteHost": "api.github.com",
      "RemoteRepo": "vctrs",
      "RemoteUsername": "r-lib",
      "RemoteRef": "master",
      "RemoteSha": "f736b2353d248820847a09b808cb7370ab8fc2f6",
      "Hash": "e6752864d5d6ae6f6c2255c71477f511"
    },
    "viridisLite": {
      "Package": "viridisLite",
      "Version": "0.3.0",
      "Source": "Repository",
      "Repository": "CRAN",
      "Hash": "1f264fa42320c4f44b1689d89101e823"
    },
    "vroom": {
      "Package": "vroom",
      "Version": "1.0.2.9000",
      "Source": "Repository",
      "Hash": "9caddc824de17a4b996b7786f3bb67c5"
    },
    "wavethresh": {
      "Package": "wavethresh",
      "Version": "4.6.8",
      "Source": "Repository",
      "Repository": "CRAN",
      "Hash": "1975821fa6a9b2016cec31c2272ac508"
    },
    "whisker": {
      "Package": "whisker",
      "Version": "0.4",
      "Source": "Repository",
      "Repository": "CRAN",
      "Hash": "99cb522b4fa9e2cf1592ac5163fd917f"
    },
    "withr": {
      "Package": "withr",
      "Version": "2.1.2",
      "Source": "Repository",
      "Repository": "CRAN",
      "Hash": "7c9aef08038f47e6c1532ed574a0e087"
    },
    "xfun": {
      "Package": "xfun",
      "Version": "0.8",
      "Source": "Repository",
      "Repository": "CRAN",
      "Hash": "56f4a24b253e08ec48a45ec0eb60653d"
    },
    "xml2": {
      "Package": "xml2",
      "Version": "1.2.2",
      "Source": "Repository",
      "Repository": "CRAN",
      "Hash": "22fa8b694a7ffcec094bfb94a405595d"
    },
    "xopen": {
      "Package": "xopen",
      "Version": "1.0.0",
      "Source": "Repository",
      "Repository": "CRAN",
      "Hash": "ec32d86b4bcfa2cfa648dc0e1e46e24d"
    },
    "xtable": {
      "Package": "xtable",
      "Version": "1.8-4",
      "Source": "Repository",
      "Repository": "CRAN",
      "Hash": "48f60fcc0974ce72870076d48038df2d"
    },
    "xtensor": {
      "Package": "xtensor",
      "Version": "0.11.0-0",
      "Source": "GitHub",
      "RemoteType": "github",
      "RemoteHost": "api.github.com",
      "RemoteRepo": "Xtensor.R",
      "RemoteUsername": "DavisVaughan",
      "RemoteRef": "dev",
      "RemoteSha": "b4611075679109cf6be108d79351b63b43dc77ac",
      "Hash": "98e405964af9c2f1da2b328be8cc14dd"
    },
    "yaml": {
      "Package": "yaml",
      "Version": "2.2.0",
      "Source": "Repository",
      "Repository": "CRAN",
      "Hash": "3a313c96061c4ac790de611dc57ebd1f"
    },
    "zeallot": {
      "Package": "zeallot",
      "Version": "0.1.0",
      "Source": "Repository",
      "Repository": "CRAN",
      "Hash": "45d65588b02d47970fc84adecb2ee664"
    },
    "zlibbioc": {
      "Package": "zlibbioc",
      "Version": "1.30.0",
      "Source": "Bioconductor",
      "Hash": "cba7d1ac927c10163986b6ac6daabbd5"
    }
  }
}
